{
  "name": "@marocchino/jest-transform-graphql",
  "version": "1.0.0",
  "lockfileVersion": 2,
  "requires": true,
  "packages": {
    "": {
      "name": "@marocchino/jest-transform-graphql",
      "version": "1.0.0",
      "license": "MIT",
      "peerDependencies": {
        "@graphql-tools/webpack-loader": "> 0"
      }
    },
    "node_modules/@graphql-tools/optimize": {
      "version": "1.0.1",
      "resolved": "https://registry.npmjs.org/@graphql-tools/optimize/-/optimize-1.0.1.tgz",
      "integrity": "sha512-cRlUNsbErYoBtzzS6zXahXeTBZGPVlPHXCpnEZ0XiK/KY/sQL96cyzak0fM/Gk6qEI9/l32MYEICjasiBQrl5w==",
      "peer": true,
      "dependencies": {
        "tslib": "~2.0.1"
      },
      "peerDependencies": {
        "graphql": "^14.0.0 || ^15.0.0"
      }
    },
    "node_modules/@graphql-tools/optimize/node_modules/tslib": {
      "version": "2.0.3",
      "resolved": "https://registry.npmjs.org/tslib/-/tslib-2.0.3.tgz",
      "integrity": "sha512-uZtkfKblCEQtZKBF6EBXVZeQNl82yqtDQdv+eck8u7tdPxjLu2/lp5/uPW+um2tpuxINHWy3GhiccY7QgEaVHQ==",
      "peer": true
    },
    "node_modules/@graphql-tools/webpack-loader": {
      "version": "6.4.0",
      "resolved": "https://registry.npmjs.org/@graphql-tools/webpack-loader/-/webpack-loader-6.4.0.tgz",
      "integrity": "sha512-Mt850cIJweDHB6rodh+W2D8On2buP/7xqgqVyU9snfwFIibb8eowjX5hflKm7eM9FHVQQ636jHKfGk5V6ZZvTg==",
      "peer": true,
      "dependencies": {
        "@graphql-tools/optimize": "1.0.1",
        "@graphql-tools/webpack-loader-runtime": "^6.2.4",
        "tslib": "~2.1.0"
      },
      "peerDependencies": {
        "graphql": "^14.0.0 || ^15.0.0"
      }
    },
    "node_modules/@graphql-tools/webpack-loader-runtime": {
      "version": "6.2.4",
      "resolved": "https://registry.npmjs.org/@graphql-tools/webpack-loader-runtime/-/webpack-loader-runtime-6.2.4.tgz",
      "integrity": "sha512-ifIo8USW5lzHf2qejRC+Y6NE3ekswY+P0RyjkzWjX/03VrzEESYZ4edveOKSkJ7xzs8TpwDDHYFowfp7NpfEMQ==",
      "peer": true,
      "peerDependencies": {
        "graphql": "^14.0.0 || ^15.0.0"
      }
    },
    "node_modules/graphql": {
      "version": "15.5.0",
      "resolved": "https://registry.npmjs.org/graphql/-/graphql-15.5.0.tgz",
      "integrity": "sha512-OmaM7y0kaK31NKG31q4YbD2beNYa6jBBKtMFT6gLYJljHLJr42IqJ8KX08u3Li/0ifzTU5HjmoOOrwa5BRLeDA==",
      "peer": true,
      "engines": {
        "node": ">= 10.x"
      }
    },
    "node_modules/tslib": {
      "version": "2.1.0",
      "resolved": "https://registry.npmjs.org/tslib/-/tslib-2.1.0.tgz",
      "integrity": "sha512-hcVC3wYEziELGGmEEXue7D75zbwIIVUMWAVbHItGPx0ziyXxrOMQx4rQEVEV45Ut/1IotuEvwqPopzIOkDMf0A==",
      "peer": true
    }
  },
  "dependencies": {
    "@graphql-tools/optimize": {
      "version": "1.0.1",
      "resolved": "https://registry.npmjs.org/@graphql-tools/optimize/-/optimize-1.0.1.tgz",
      "integrity": "sha512-cRlUNsbErYoBtzzS6zXahXeTBZGPVlPHXCpnEZ0XiK/KY/sQL96cyzak0fM/Gk6qEI9/l32MYEICjasiBQrl5w==",
      "peer": true,
      "requires": {
        "tslib": "~2.0.1"
      },
      "dependencies": {
        "tslib": {
          "version": "2.0.3",
          "resolved": "https://registry.npmjs.org/tslib/-/tslib-2.0.3.tgz",
          "integrity": "sha512-uZtkfKblCEQtZKBF6EBXVZeQNl82yqtDQdv+eck8u7tdPxjLu2/lp5/uPW+um2tpuxINHWy3GhiccY7QgEaVHQ==",
          "peer": true
        }
      }
    },
    "@graphql-tools/webpack-loader": {
      "version": "6.4.0",
      "resolved": "https://registry.npmjs.org/@graphql-tools/webpack-loader/-/webpack-loader-6.4.0.tgz",
      "integrity": "sha512-Mt850cIJweDHB6rodh+W2D8On2buP/7xqgqVyU9snfwFIibb8eowjX5hflKm7eM9FHVQQ636jHKfGk5V6ZZvTg==",
      "peer": true,
      "requires": {
        "@graphql-tools/optimize": "1.0.1",
        "@graphql-tools/webpack-loader-runtime": "^6.2.4",
        "tslib": "~2.1.0"
      }
    },
    "@graphql-tools/webpack-loader-runtime": {
      "version": "6.2.4",
      "resolved": "https://registry.npmjs.org/@graphql-tools/webpack-loader-runtime/-/webpack-loader-runtime-6.2.4.tgz",
      "integrity": "sha512-ifIo8USW5lzHf2qejRC+Y6NE3ekswY+P0RyjkzWjX/03VrzEESYZ4edveOKSkJ7xzs8TpwDDHYFowfp7NpfEMQ==",
      "peer": true,
      "requires": {}
    },
    "graphql": {
      "version": "15.5.0",
      "resolved": "https://registry.npmjs.org/graphql/-/graphql-15.5.0.tgz",
      "integrity": "sha512-OmaM7y0kaK31NKG31q4YbD2beNYa6jBBKtMFT6gLYJljHLJr42IqJ8KX08u3Li/0ifzTU5HjmoOOrwa5BRLeDA==",
      "peer": true
    },
    "tslib": {
      "version": "2.1.0",
      "resolved": "https://registry.npmjs.org/tslib/-/tslib-2.1.0.tgz",
      "integrity": "sha512-hcVC3wYEziELGGmEEXue7D75zbwIIVUMWAVbHItGPx0ziyXxrOMQx4rQEVEV45Ut/1IotuEvwqPopzIOkDMf0A==",
      "peer": true
    }
  }
}
